{
  "originHash" : "301fac32bb7bd5dae4c3d52e6afa53eda74ab56688b1b7635fad6e5eef7fdbd2",
  "pins" : [
    {
      "identity" : "swift-distributed-tracing",
      "kind" : "remoteSourceControl",
      "location" : "https://github.com/apple/swift-distributed-tracing.git",
      "state" : {
        "revision" : "b78796709d243d5438b36e74ce3c5ec2d2ece4d8",
        "version" : "1.2.1"
      }
    },
    {
      "identity" : "swift-service-context",
      "kind" : "remoteSourceControl",
      "location" : "https://github.com/apple/swift-service-context.git",
      "state" : {
        "revision" : "1983448fefc717a2bc2ebde5490fe99873c5b8a6",
        "version" : "1.2.1"
      }
    }
  ],
  "version" : 3
}
